// !$*UTF8*$!
{
	archiveVersion = 1;
	classes = {
	};
	objectVersion = 77;
	objects = {

/* Begin PBXContainerItemProxy section */
		5B773A412C9DB2E400C0B6BC /* PBXContainerItemProxy */ = {
			isa = PBXContainerItemProxy;
			containerPortal = 5B773A282C9DB2E200C0B6BC /* Project object */;
			proxyType = 1;
			remoteGlobalIDString = 5B773A2F2C9DB2E200C0B6BC;
			remoteInfo = PublicRepositories;
		};
		5B773A4B2C9DB2E400C0B6BC /* PBXContainerItemProxy */ = {
			isa = PBXContainerItemProxy;
			containerPortal = 5B773A282C9DB2E200C0B6BC /* Project object */;
			proxyType = 1;
			remoteGlobalIDString = 5B773A2F2C9DB2E200C0B6BC;
			remoteInfo = PublicRepositories;
		};
/* End PBXContainerItemProxy section */

/* Begin PBXFileReference section */
		5B773A302C9DB2E200C0B6BC /* PublicRepositories.app */ = {isa = PBXFileReference; explicitFileType = wrapper.application; includeInIndex = 0; path = PublicRepositories.app; sourceTree = BUILT_PRODUCTS_DIR; };
		5B773A402C9DB2E400C0B6BC /* PublicRepositoriesTests.xctest */ = {isa = PBXFileReference; explicitFileType = wrapper.cfbundle; includeInIndex = 0; path = PublicRepositoriesTests.xctest; sourceTree = BUILT_PRODUCTS_DIR; };
		5B773A4A2C9DB2E400C0B6BC /* PublicRepositoriesUITests.xctest */ = {isa = PBXFileReference; explicitFileType = wrapper.cfbundle; includeInIndex = 0; path = PublicRepositoriesUITests.xctest; sourceTree = BUILT_PRODUCTS_DIR; };
/* End PBXFileReference section */

/* Begin PBXFileSystemSynchronizedRootGroup section */
		5B773A322C9DB2E200C0B6BC /* PublicRepositories */ = {
			isa = PBXFileSystemSynchronizedRootGroup;
			path = PublicRepositories;
			sourceTree = "<group>";
		};
		5B773A432C9DB2E400C0B6BC /* PublicRepositoriesTests */ = {
			isa = PBXFileSystemSynchronizedRootGroup;
			path = PublicRepositoriesTests;
			sourceTree = "<group>";
		};
		5B773A4D2C9DB2E400C0B6BC /* PublicRepositoriesUITests */ = {
			isa = PBXFileSystemSynchronizedRootGroup;
			path = PublicRepositoriesUITests;
			sourceTree = "<group>";
		};
/* End PBXFileSystemSynchronizedRootGroup section */

/* Begin PBXFrameworksBuildPhase section */
		5B773A2D2C9DB2E200C0B6BC /* Frameworks */ = {
			isa = PBXFrameworksBuildPhase;
			buildActionMask = 2147483647;
			files = (
			);
			runOnlyForDeploymentPostprocessing = 0;
		};
		5B773A3D2C9DB2E400C0B6BC /* Frameworks */ = {
			isa = PBXFrameworksBuildPhase;
			buildActionMask = 2147483647;
			files = (
			);
			runOnlyForDeploymentPostprocessing = 0;
		};
		5B773A472C9DB2E400C0B6BC /* Frameworks */ = {
			isa = PBXFrameworksBuildPhase;
			buildActionMask = 2147483647;
			files = (
			);
			runOnlyForDeploymentPostprocessing = 0;
		};
/* End PBXFrameworksBuildPhase section */

/* Begin PBXGroup section */
		5B773A272C9DB2E200C0B6BC = {
			isa = PBXGroup;
			children = (
				5B773A322C9DB2E200C0B6BC /* PublicRepositories */,
				5B773A432C9DB2E400C0B6BC /* PublicRepositoriesTests */,
				5B773A4D2C9DB2E400C0B6BC /* PublicRepositoriesUITests */,
				5B773A312C9DB2E200C0B6BC /* Products */,
			);
			sourceTree = "<group>";
		};
		5B773A312C9DB2E200C0B6BC /* Products */ = {
			isa = PBXGroup;
			children = (
				5B773A302C9DB2E200C0B6BC /* PublicRepositories.app */,
				5B773A402C9DB2E400C0B6BC /* PublicRepositoriesTests.xctest */,
				5B773A4A2C9DB2E400C0B6BC /* PublicRepositoriesUITests.xctest */,
			);
			name = Products;
			sourceTree = "<group>";
		};
/* End PBXGroup section */

/* Begin PBXNativeTarget section */
		5B773A2F2C9DB2E200C0B6BC /* PublicRepositories */ = {
			isa = PBXNativeTarget;
			buildConfigurationList = 5B773A542C9DB2E400C0B6BC /* Build configuration list for PBXNativeTarget "PublicRepositories" */;
			buildPhases = (
				5B773A2C2C9DB2E200C0B6BC /* Sources */,
				5B773A2D2C9DB2E200C0B6BC /* Frameworks */,
				5B773A2E2C9DB2E200C0B6BC /* Resources */,
			);
			buildRules = (
			);
			dependencies = (
			);
			fileSystemSynchronizedGroups = (
				5B773A322C9DB2E200C0B6BC /* PublicRepositories */,
			);
			name = PublicRepositories;
			packageProductDependencies = (
			);
			productName = PublicRepositories;
			productReference = 5B773A302C9DB2E200C0B6BC /* PublicRepositories.app */;
			productType = "com.apple.product-type.application";
		};
		5B773A3F2C9DB2E400C0B6BC /* PublicRepositoriesTests */ = {
			isa = PBXNativeTarget;
			buildConfigurationList = 5B773A572C9DB2E400C0B6BC /* Build configuration list for PBXNativeTarget "PublicRepositoriesTests" */;
			buildPhases = (
				5B773A3C2C9DB2E400C0B6BC /* Sources */,
				5B773A3D2C9DB2E400C0B6BC /* Frameworks */,
				5B773A3E2C9DB2E400C0B6BC /* Resources */,
			);
			buildRules = (
			);
			dependencies = (
				5B773A422C9DB2E400C0B6BC /* PBXTargetDependency */,
			);
			fileSystemSynchronizedGroups = (
				5B773A432C9DB2E400C0B6BC /* PublicRepositoriesTests */,
			);
			name = PublicRepositoriesTests;
			packageProductDependencies = (
			);
			productName = PublicRepositoriesTests;
			productReference = 5B773A402C9DB2E400C0B6BC /* PublicRepositoriesTests.xctest */;
			productType = "com.apple.product-type.bundle.unit-test";
		};
		5B773A492C9DB2E400C0B6BC /* PublicRepositoriesUITests */ = {
			isa = PBXNativeTarget;
			buildConfigurationList = 5B773A5A2C9DB2E400C0B6BC /* Build configuration list for PBXNativeTarget "PublicRepositoriesUITests" */;
			buildPhases = (
				5B773A462C9DB2E400C0B6BC /* Sources */,
				5B773A472C9DB2E400C0B6BC /* Frameworks */,
				5B773A482C9DB2E400C0B6BC /* Resources */,
			);
			buildRules = (
			);
			dependencies = (
				5B773A4C2C9DB2E400C0B6BC /* PBXTargetDependency */,
			);
			fileSystemSynchronizedGroups = (
				5B773A4D2C9DB2E400C0B6BC /* PublicRepositoriesUITests */,
			);
			name = PublicRepositoriesUITests;
			packageProductDependencies = (
			);
			productName = PublicRepositoriesUITests;
			productReference = 5B773A4A2C9DB2E400C0B6BC /* PublicRepositoriesUITests.xctest */;
			productType = "com.apple.product-type.bundle.ui-testing";
		};
/* End PBXNativeTarget section */

/* Begin PBXProject section */
		5B773A282C9DB2E200C0B6BC /* Project object */ = {
			isa = PBXProject;
			attributes = {
				BuildIndependentTargetsInParallel = 1;
				LastSwiftUpdateCheck = 1600;
				LastUpgradeCheck = 1600;
				TargetAttributes = {
					5B773A2F2C9DB2E200C0B6BC = {
						CreatedOnToolsVersion = 16.0;
					};
					5B773A3F2C9DB2E400C0B6BC = {
						CreatedOnToolsVersion = 16.0;
						TestTargetID = 5B773A2F2C9DB2E200C0B6BC;
					};
					5B773A492C9DB2E400C0B6BC = {
						CreatedOnToolsVersion = 16.0;
						TestTargetID = 5B773A2F2C9DB2E200C0B6BC;
					};
				};
			};
			buildConfigurationList = 5B773A2B2C9DB2E200C0B6BC /* Build configuration list for PBXProject "PublicRepositories" */;
			developmentRegion = en;
			hasScannedForEncodings = 0;
			knownRegions = (
				en,
				Base,
			);
			mainGroup = 5B773A272C9DB2E200C0B6BC;
			minimizedProjectReferenceProxies = 1;
			preferredProjectObjectVersion = 77;
			productRefGroup = 5B773A312C9DB2E200C0B6BC /* Products */;
			projectDirPath = "";
			projectRoot = "";
			targets = (
				5B773A2F2C9DB2E200C0B6BC /* PublicRepositories */,
				5B773A3F2C9DB2E400C0B6BC /* PublicRepositoriesTests */,
				5B773A492C9DB2E400C0B6BC /* PublicRepositoriesUITests */,
			);
		};
/* End PBXProject section */

/* Begin PBXResourcesBuildPhase section */
		5B773A2E2C9DB2E200C0B6BC /* Resources */ = {
			isa = PBXResourcesBuildPhase;
			buildActionMask = 2147483647;
			files = (
			);
			runOnlyForDeploymentPostprocessing = 0;
		};
		5B773A3E2C9DB2E400C0B6BC /* Resources */ = {
			isa = PBXResourcesBuildPhase;
			buildActionMask = 2147483647;
			files = (
			);
			runOnlyForDeploymentPostprocessing = 0;
		};
		5B773A482C9DB2E400C0B6BC /* Resources */ = {
			isa = PBXResourcesBuildPhase;
			buildActionMask = 2147483647;
			files = (
			);
			runOnlyForDeploymentPostprocessing = 0;
		};
/* End PBXResourcesBuildPhase section */

/* Begin PBXSourcesBuildPhase section */
		5B773A2C2C9DB2E200C0B6BC /* Sources */ = {
			isa = PBXSourcesBuildPhase;
			buildActionMask = 2147483647;
			files = (
			);
			runOnlyForDeploymentPostprocessing = 0;
		};
		5B773A3C2C9DB2E400C0B6BC /* Sources */ = {
			isa = PBXSourcesBuildPhase;
			buildActionMask = 2147483647;
			files = (
			);
			runOnlyForDeploymentPostprocessing = 0;
		};
		5B773A462C9DB2E400C0B6BC /* Sources */ = {
			isa = PBXSourcesBuildPhase;
			buildActionMask = 2147483647;
			files = (
			);
			runOnlyForDeploymentPostprocessing = 0;
		};
/* End PBXSourcesBuildPhase section */

/* Begin PBXTargetDependency section */
		5B773A422C9DB2E400C0B6BC /* PBXTargetDependency */ = {
			isa = PBXTargetDependency;
			target = 5B773A2F2C9DB2E200C0B6BC /* PublicRepositories */;
			targetProxy = 5B773A412C9DB2E400C0B6BC /* PBXContainerItemProxy */;
		};
		5B773A4C2C9DB2E400C0B6BC /* PBXTargetDependency */ = {
			isa = PBXTargetDependency;
			target = 5B773A2F2C9DB2E200C0B6BC /* PublicRepositories */;
			targetProxy = 5B773A4B2C9DB2E400C0B6BC /* PBXContainerItemProxy */;
		};
/* End PBXTargetDependency section */

/* Begin XCBuildConfiguration section */
		5B773A522C9DB2E400C0B6BC /* Debug */ = {
			isa = XCBuildConfiguration;
			buildSettings = {
				ALWAYS_SEARCH_USER_PATHS = NO;
				ASSETCATALOG_COMPILER_GENERATE_SWIFT_ASSET_SYMBOL_EXTENSIONS = YES;
				CLANG_ANALYZER_NONNULL = YES;
				CLANG_ANALYZER_NUMBER_OBJECT_CONVERSION = YES_AGGRESSIVE;
				CLANG_CXX_LANGUAGE_STANDARD = "gnu++20";
				CLANG_ENABLE_MODULES = YES;
				CLANG_ENABLE_OBJC_ARC = YES;
				CLANG_ENABLE_OBJC_WEAK = YES;
				CLANG_WARN_BLOCK_CAPTURE_AUTORELEASING = YES;
				CLANG_WARN_BOOL_CONVERSION = YES;
				CLANG_WARN_COMMA = YES;
				CLANG_WARN_CONSTANT_CONVERSION = YES;
				CLANG_WARN_DEPRECATED_OBJC_IMPLEMENTATIONS = YES;
				CLANG_WARN_DIRECT_OBJC_ISA_USAGE = YES_ERROR;
				CLANG_WARN_DOCUMENTATION_COMMENTS = YES;
				CLANG_WARN_EMPTY_BODY = YES;
				CLANG_WARN_ENUM_CONVERSION = YES;
				CLANG_WARN_INFINITE_RECURSION = YES;
				CLANG_WARN_INT_CONVERSION = YES;
				CLANG_WARN_NON_LITERAL_NULL_CONVERSION = YES;
				CLANG_WARN_OBJC_IMPLICIT_RETAIN_SELF = YES;
				CLANG_WARN_OBJC_LITERAL_CONVERSION = YES;
				CLANG_WARN_OBJC_ROOT_CLASS = YES_ERROR;
				CLANG_WARN_QUOTED_INCLUDE_IN_FRAMEWORK_HEADER = YES;
				CLANG_WARN_RANGE_LOOP_ANALYSIS = YES;
				CLANG_WARN_STRICT_PROTOTYPES = YES;
				CLANG_WARN_SUSPICIOUS_MOVE = YES;
				CLANG_WARN_UNGUARDED_AVAILABILITY = YES_AGGRESSIVE;
				CLANG_WARN_UNREACHABLE_CODE = YES;
				CLANG_WARN__DUPLICATE_METHOD_MATCH = YES;
				COPY_PHASE_STRIP = NO;
				DEBUG_INFORMATION_FORMAT = dwarf;
				ENABLE_STRICT_OBJC_MSGSEND = YES;
				ENABLE_TESTABILITY = YES;
				ENABLE_USER_SCRIPT_SANDBOXING = YES;
				GCC_C_LANGUAGE_STANDARD = gnu17;
				GCC_DYNAMIC_NO_PIC = NO;
				GCC_NO_COMMON_BLOCKS = YES;
				GCC_OPTIMIZATION_LEVEL = 0;
				GCC_PREPROCESSOR_DEFINITIONS = (
					"DEBUG=1",
					"$(inherited)",
				);
				GCC_WARN_64_TO_32_BIT_CONVERSION = YES;
				GCC_WARN_ABOUT_RETURN_TYPE = YES_ERROR;
				GCC_WARN_UNDECLARED_SELECTOR = YES;
				GCC_WARN_UNINITIALIZED_AUTOS = YES_AGGRESSIVE;
				GCC_WARN_UNUSED_FUNCTION = YES;
				GCC_WARN_UNUSED_VARIABLE = YES;
				IPHONEOS_DEPLOYMENT_TARGET = 18.0;
				LOCALIZATION_PREFERS_STRING_CATALOGS = YES;
				MTL_ENABLE_DEBUG_INFO = INCLUDE_SOURCE;
				MTL_FAST_MATH = YES;
				ONLY_ACTIVE_ARCH = YES;
				SDKROOT = iphoneos;
				SWIFT_ACTIVE_COMPILATION_CONDITIONS = "DEBUG $(inherited)";
				SWIFT_OPTIMIZATION_LEVEL = "-Onone";
			};
			name = Debug;
		};
		5B773A532C9DB2E400C0B6BC /* Release */ = {
			isa = XCBuildConfiguration;
			buildSettings = {
				ALWAYS_SEARCH_USER_PATHS = NO;
				ASSETCATALOG_COMPILER_GENERATE_SWIFT_ASSET_SYMBOL_EXTENSIONS = YES;
				CLANG_ANALYZER_NONNULL = YES;
				CLANG_ANALYZER_NUMBER_OBJECT_CONVERSION = YES_AGGRESSIVE;
				CLANG_CXX_LANGUAGE_STANDARD = "gnu++20";
				CLANG_ENABLE_MODULES = YES;
				CLANG_ENABLE_OBJC_ARC = YES;
				CLANG_ENABLE_OBJC_WEAK = YES;
				CLANG_WARN_BLOCK_CAPTURE_AUTORELEASING = YES;
				CLANG_WARN_BOOL_CONVERSION = YES;
				CLANG_WARN_COMMA = YES;
				CLANG_WARN_CONSTANT_CONVERSION = YES;
				CLANG_WARN_DEPRECATED_OBJC_IMPLEMENTATIONS = YES;
				CLANG_WARN_DIRECT_OBJC_ISA_USAGE = YES_ERROR;
				CLANG_WARN_DOCUMENTATION_COMMENTS = YES;
				CLANG_WARN_EMPTY_BODY = YES;
				CLANG_WARN_ENUM_CONVERSION = YES;
				CLANG_WARN_INFINITE_RECURSION = YES;
				CLANG_WARN_INT_CONVERSION = YES;
				CLANG_WARN_NON_LITERAL_NULL_CONVERSION = YES;
				CLANG_WARN_OBJC_IMPLICIT_RETAIN_SELF = YES;
				CLANG_WARN_OBJC_LITERAL_CONVERSION = YES;
				CLANG_WARN_OBJC_ROOT_CLASS = YES_ERROR;
				CLANG_WARN_QUOTED_INCLUDE_IN_FRAMEWORK_HEADER = YES;
				CLANG_WARN_RANGE_LOOP_ANALYSIS = YES;
				CLANG_WARN_STRICT_PROTOTYPES = YES;
				CLANG_WARN_SUSPICIOUS_MOVE = YES;
				CLANG_WARN_UNGUARDED_AVAILABILITY = YES_AGGRESSIVE;
				CLANG_WARN_UNREACHABLE_CODE = YES;
				CLANG_WARN__DUPLICATE_METHOD_MATCH = YES;
				COPY_PHASE_STRIP = NO;
				DEBUG_INFORMATION_FORMAT = "dwarf-with-dsym";
				ENABLE_NS_ASSERTIONS = NO;
				ENABLE_STRICT_OBJC_MSGSEND = YES;
				ENABLE_USER_SCRIPT_SANDBOXING = YES;
				GCC_C_LANGUAGE_STANDARD = gnu17;
				GCC_NO_COMMON_BLOCKS = YES;
				GCC_WARN_64_TO_32_BIT_CONVERSION = YES;
				GCC_WARN_ABOUT_RETURN_TYPE = YES_ERROR;
				GCC_WARN_UNDECLARED_SELECTOR = YES;
				GCC_WARN_UNINITIALIZED_AUTOS = YES_AGGRESSIVE;
				GCC_WARN_UNUSED_FUNCTION = YES;
				GCC_WARN_UNUSED_VARIABLE = YES;
				IPHONEOS_DEPLOYMENT_TARGET = 18.0;
				LOCALIZATION_PREFERS_STRING_CATALOGS = YES;
				MTL_ENABLE_DEBUG_INFO = NO;
				MTL_FAST_MATH = YES;
				SDKROOT = iphoneos;
				SWIFT_COMPILATION_MODE = wholemodule;
				VALIDATE_PRODUCT = YES;
			};
			name = Release;
		};
		5B773A552C9DB2E400C0B6BC /* Debug */ = {
			isa = XCBuildConfiguration;
			buildSettings = {
				ASSETCATALOG_COMPILER_APPICON_NAME = AppIcon;
				ASSETCATALOG_COMPILER_GLOBAL_ACCENT_COLOR_NAME = AccentColor;
				CODE_SIGN_STYLE = Automatic;
				CURRENT_PROJECT_VERSION = 1;
				DEVELOPMENT_ASSET_PATHS = "\"PublicRepositories/Preview Content\"";
				DEVELOPMENT_TEAM = 79VVMB998J;
				ENABLE_PREVIEWS = YES;
				GENERATE_INFOPLIST_FILE = YES;
				INFOPLIST_KEY_UIApplicationSceneManifest_Generation = YES;
				INFOPLIST_KEY_UIApplicationSupportsIndirectInputEvents = YES;
				INFOPLIST_KEY_UILaunchScreen_Generation = YES;
				INFOPLIST_KEY_UISupportedInterfaceOrientations_iPad = "UIInterfaceOrientationPortrait UIInterfaceOrientationPortraitUpsideDown UIInterfaceOrientationLandscapeLeft UIInterfaceOrientationLandscapeRight";
				INFOPLIST_KEY_UISupportedInterfaceOrientations_iPhone = "UIInterfaceOrientationPortrait UIInterfaceOrientationLandscapeLeft UIInterfaceOrientationLandscapeRight";
				LD_RUNPATH_SEARCH_PATHS = (
					"$(inherited)",
					"@executable_path/Frameworks",
				);
				MARKETING_VERSION = 1.0;
				PRODUCT_BUNDLE_IDENTIFIER = com.thuongvb.PublicRepositories;
				PRODUCT_NAME = "$(TARGET_NAME)";
				SWIFT_EMIT_LOC_STRINGS = YES;
				SWIFT_VERSION = 5.0;
				TARGETED_DEVICE_FAMILY = "1,2";
			};
			name = Debug;
		};
		5B773A562C9DB2E400C0B6BC /* Release */ = {
			isa = XCBuildConfiguration;
			buildSettings = {
				ASSETCATALOG_COMPILER_APPICON_NAME = AppIcon;
				ASSETCATALOG_COMPILER_GLOBAL_ACCENT_COLOR_NAME = AccentColor;
				CODE_SIGN_STYLE = Automatic;
				CURRENT_PROJECT_VERSION = 1;
				DEVELOPMENT_ASSET_PATHS = "\"PublicRepositories/Preview Content\"";
				DEVELOPMENT_TEAM = 79VVMB998J;
				ENABLE_PREVIEWS = YES;
				GENERATE_INFOPLIST_FILE = YES;
				INFOPLIST_KEY_UIApplicationSceneManifest_Generation = YES;
				INFOPLIST_KEY_UIApplicationSupportsIndirectInputEvents = YES;
				INFOPLIST_KEY_UILaunchScreen_Generation = YES;
				INFOPLIST_KEY_UISupportedInterfaceOrientations_iPad = "UIInterfaceOrientationPortrait UIInterfaceOrientationPortraitUpsideDown UIInterfaceOrientationLandscapeLeft UIInterfaceOrientationLandscapeRight";
				INFOPLIST_KEY_UISupportedInterfaceOrientations_iPhone = "UIInterfaceOrientationPortrait UIInterfaceOrientationLandscapeLeft UIInterfaceOrientationLandscapeRight";
				LD_RUNPATH_SEARCH_PATHS = (
					"$(inherited)",
					"@executable_path/Frameworks",
				);
				MARKETING_VERSION = 1.0;
				PRODUCT_BUNDLE_IDENTIFIER = com.thuongvb.PublicRepositories;
				PRODUCT_NAME = "$(TARGET_NAME)";
				SWIFT_EMIT_LOC_STRINGS = YES;
				SWIFT_VERSION = 5.0;
				TARGETED_DEVICE_FAMILY = "1,2";
			};
			name = Release;
		};
		5B773A582C9DB2E400C0B6BC /* Debug */ = {
			isa = XCBuildConfiguration;
			buildSettings = {
				BUNDLE_LOADER = "$(TEST_HOST)";
				CODE_SIGN_STYLE = Automatic;
				CURRENT_PROJECT_VERSION = 1;
				DEVELOPMENT_TEAM = 79VVMB998J;
				GENERATE_INFOPLIST_FILE = YES;
				IPHONEOS_DEPLOYMENT_TARGET = 18.0;
				MARKETING_VERSION = 1.0;
				PRODUCT_BUNDLE_IDENTIFIER = com.thuongvb.PublicRepositoriesTests;
				PRODUCT_NAME = "$(TARGET_NAME)";
				SWIFT_EMIT_LOC_STRINGS = NO;
				SWIFT_VERSION = 5.0;
				TARGETED_DEVICE_FAMILY = "1,2";
				TEST_HOST = "$(BUILT_PRODUCTS_DIR)/PublicRepositories.app/$(BUNDLE_EXECUTABLE_FOLDER_PATH)/PublicRepositories";
			};
			name = Debug;
		};
		5B773A592C9DB2E400C0B6BC /* Release */ = {
			isa = XCBuildConfiguration;
			buildSettings = {
				BUNDLE_LOADER = "$(TEST_HOST)";
				CODE_SIGN_STYLE = Automatic;
				CURRENT_PROJECT_VERSION = 1;
				DEVELOPMENT_TEAM = 79VVMB998J;
				GENERATE_INFOPLIST_FILE = YES;
				IPHONEOS_DEPLOYMENT_TARGET = 18.0;
				MARKETING_VERSION = 1.0;
				PRODUCT_BUNDLE_IDENTIFIER = com.thuongvb.PublicRepositoriesTests;
				PRODUCT_NAME = "$(TARGET_NAME)";
				SWIFT_EMIT_LOC_STRINGS = NO;
				SWIFT_VERSION = 5.0;
				TARGETED_DEVICE_FAMILY = "1,2";
				TEST_HOST = "$(BUILT_PRODUCTS_DIR)/PublicRepositories.app/$(BUNDLE_EXECUTABLE_FOLDER_PATH)/PublicRepositories";
			};
			name = Release;
		};
		5B773A5B2C9DB2E400C0B6BC /* Debug */ = {
			isa = XCBuildConfiguration;
			buildSettings = {
				CODE_SIGN_STYLE = Automatic;
				CURRENT_PROJECT_VERSION = 1;
				DEVELOPMENT_TEAM = 79VVMB998J;
				GENERATE_INFOPLIST_FILE = YES;
				MARKETING_VERSION = 1.0;
				PRODUCT_BUNDLE_IDENTIFIER = com.thuongvb.PublicRepositoriesUITests;
				PRODUCT_NAME = "$(TARGET_NAME)";
				SWIFT_EMIT_LOC_STRINGS = NO;
				SWIFT_VERSION = 5.0;
				TARGETED_DEVICE_FAMILY = "1,2";
				TEST_TARGET_NAME = PublicRepositories;
			};
			name = Debug;
		};
		5B773A5C2C9DB2E400C0B6BC /* Release */ = {
			isa = XCBuildConfiguration;
			buildSettings = {
				CODE_SIGN_STYLE = Automatic;
				CURRENT_PROJECT_VERSION = 1;
				DEVELOPMENT_TEAM = 79VVMB998J;
				GENERATE_INFOPLIST_FILE = YES;
				MARKETING_VERSION = 1.0;
				PRODUCT_BUNDLE_IDENTIFIER = com.thuongvb.PublicRepositoriesUITests;
				PRODUCT_NAME = "$(TARGET_NAME)";
				SWIFT_EMIT_LOC_STRINGS = NO;
				SWIFT_VERSION = 5.0;
				TARGETED_DEVICE_FAMILY = "1,2";
				TEST_TARGET_NAME = PublicRepositories;
			};
			name = Release;
		};
/* End XCBuildConfiguration section */

/* Begin XCConfigurationList section */
		5B773A2B2C9DB2E200C0B6BC /* Build configuration list for PBXProject "PublicRepositories" */ = {
			isa = XCConfigurationList;
			buildConfigurations = (
				5B773A522C9DB2E400C0B6BC /* Debug */,
				5B773A532C9DB2E400C0B6BC /* Release */,
			);
			defaultConfigurationIsVisible = 0;
			defaultConfigurationName = Release;
		};
		5B773A542C9DB2E400C0B6BC /* Build configuration list for PBXNativeTarget "PublicRepositories" */ = {
			isa = XCConfigurationList;
			buildConfigurations = (
				5B773A552C9DB2E400C0B6BC /* Debug */,
				5B773A562C9DB2E400C0B6BC /* Release */,
			);
			defaultConfigurationIsVisible = 0;
			defaultConfigurationName = Release;
		};
		5B773A572C9DB2E400C0B6BC /* Build configuration list for PBXNativeTarget "PublicRepositoriesTests" */ = {
			isa = XCConfigurationList;
			buildConfigurations = (
				5B773A582C9DB2E400C0B6BC /* Debug */,
				5B773A592C9DB2E400C0B6BC /* Release */,
			);
			defaultConfigurationIsVisible = 0;
			defaultConfigurationName = Release;
		};
		5B773A5A2C9DB2E400C0B6BC /* Build configuration list for PBXNativeTarget "PublicRepositoriesUITests" */ = {
			isa = XCConfigurationList;
			buildConfigurations = (
				5B773A5B2C9DB2E400C0B6BC /* Debug */,
				5B773A5C2C9DB2E400C0B6BC /* Release */,
			);
			defaultConfigurationIsVisible = 0;
			defaultConfigurationName = Release;
		};
/* End XCConfigurationList section */
	};
	rootObject = 5B773A282C9DB2E200C0B6BC /* Project object */;
}
